
Microsoft Visual Studio Solution File, Format Version 12.00
# Visual Studio Version 16
VisualStudioVersion = 16.0.29519.181
MinimumVisualStudioVersion = 10.0.40219.1
Project("{FAE04EC0-301F-11D3-BF4B-00C04F79EFBC}") = "CCD", "CCD.csproj", "{D29CBF7B-8B2A-452A-A74B-3A16DFC53721}"
EndProject
Global
	GlobalSection(SolutionConfigurationPlatforms) = preSolution
		Debug|Any CPU = Debug|Any CPU
		Release|Any CPU = Release|Any CPU
	EndGlobalSection
	GlobalSection(ProjectConfigurationPlatforms) = postSolution
		{D29CBF7B-8B2A-452A-A74B-3A16DFC53721}.Debug|Any CPU.ActiveCfg = Debug|Any CPU
		{D29CBF7B-8B2A-452A-A74B-3A16DFC53721}.Debug|Any CPU.Build.0 = Debug|Any CPU
		{D29CBF7B-8B2A-452A-A74B-3A16DFC53721}.Release|Any CPU.ActiveCfg = Release|Any CPU
		{D29CBF7B-8B2A-452A-A74B-3A16DFC53721}.Release|Any CPU.Build.0 = Release|Any CPU
	EndGlobalSection
	GlobalSection(SolutionProperties) = preSolution
		HideSolutionNode = FALSE
	EndGlobalSection
	GlobalSection(ExtensibilityGlobals) = postSolution
		SolutionGuid = {00E1D31B-1793-47DC-ADAD-DFE82965DB28}
	EndGlobalSection
EndGlobal
